// !$*UTF8*$!
{
	archiveVersion = 1;
	classes = {
	};
	objectVersion = 56;
	objects = {

/* Begin PBXBuildFile section */
		4581E10459D2164542B94C1E /* Pods_NewsApp.framework in Frameworks */ = {isa = PBXBuildFile; fileRef = E16334C01B7B7A0C55E98BBC /* Pods_NewsApp.framework */; };
		884E662A2A7E5A6000628238 /* AppDelegate.swift in Sources */ = {isa = PBXBuildFile; fileRef = 884E66292A7E5A6000628238 /* AppDelegate.swift */; };
		884E662C2A7E5A6000628238 /* SceneDelegate.swift in Sources */ = {isa = PBXBuildFile; fileRef = 884E662B2A7E5A6000628238 /* SceneDelegate.swift */; };
		884E662E2A7E5A6000628238 /* ViewController.swift in Sources */ = {isa = PBXBuildFile; fileRef = 884E662D2A7E5A6000628238 /* ViewController.swift */; };
		884E66312A7E5A6000628238 /* Main.storyboard in Resources */ = {isa = PBXBuildFile; fileRef = 884E662F2A7E5A6000628238 /* Main.storyboard */; };
		884E66332A7E5A6100628238 /* Assets.xcassets in Resources */ = {isa = PBXBuildFile; fileRef = 884E66322A7E5A6100628238 /* Assets.xcassets */; };
		884E66362A7E5A6100628238 /* LaunchScreen.storyboard in Resources */ = {isa = PBXBuildFile; fileRef = 884E66342A7E5A6100628238 /* LaunchScreen.storyboard */; };
		884E66412A7E5A6100628238 /* NewsAppTests.swift in Sources */ = {isa = PBXBuildFile; fileRef = 884E66402A7E5A6100628238 /* NewsAppTests.swift */; };
		884E664B2A7E5A6100628238 /* NewsAppUITests.swift in Sources */ = {isa = PBXBuildFile; fileRef = 884E664A2A7E5A6100628238 /* NewsAppUITests.swift */; };
		884E664D2A7E5A6100628238 /* NewsAppUITestsLaunchTests.swift in Sources */ = {isa = PBXBuildFile; fileRef = 884E664C2A7E5A6100628238 /* NewsAppUITestsLaunchTests.swift */; };
		884E665D2A7E5B3800628238 /* NewsModel.swift in Sources */ = {isa = PBXBuildFile; fileRef = 884E665C2A7E5B3800628238 /* NewsModel.swift */; };
		884E665F2A7E5B4700628238 /* NewsManager.swift in Sources */ = {isa = PBXBuildFile; fileRef = 884E665E2A7E5B4700628238 /* NewsManager.swift */; };
		884E66612A7E5B5A00628238 /* NewsData.swift in Sources */ = {isa = PBXBuildFile; fileRef = 884E66602A7E5B5A00628238 /* NewsData.swift */; };
		88AE2DDD2A824B1600E17EC2 /* NewsViewController.swift in Sources */ = {isa = PBXBuildFile; fileRef = 88AE2DDC2A824B1600E17EC2 /* NewsViewController.swift */; };
		D56FC0AD76CD3D10E54E0A8C /* Pods_NewsAppTests.framework in Frameworks */ = {isa = PBXBuildFile; fileRef = 3F0C0CED808310FAA4845A4A /* Pods_NewsAppTests.framework */; };
		E71165B2856109CF1B4CE706 /* Pods_NewsApp_NewsAppUITests.framework in Frameworks */ = {isa = PBXBuildFile; fileRef = 37D64527B7C45930DEEF0019 /* Pods_NewsApp_NewsAppUITests.framework */; };
/* End PBXBuildFile section */

/* Begin PBXContainerItemProxy section */
		884E663D2A7E5A6100628238 /* PBXContainerItemProxy */ = {
			isa = PBXContainerItemProxy;
			containerPortal = 884E661E2A7E5A6000628238 /* Project object */;
			proxyType = 1;
			remoteGlobalIDString = 884E66252A7E5A6000628238;
			remoteInfo = NewsApp;
		};
		884E66472A7E5A6100628238 /* PBXContainerItemProxy */ = {
			isa = PBXContainerItemProxy;
			containerPortal = 884E661E2A7E5A6000628238 /* Project object */;
			proxyType = 1;
			remoteGlobalIDString = 884E66252A7E5A6000628238;
			remoteInfo = NewsApp;
		};
/* End PBXContainerItemProxy section */

/* Begin PBXFileReference section */
		0BEAC18285036F7759CC76C5 /* Pods-NewsAppTests.release.xcconfig */ = {isa = PBXFileReference; includeInIndex = 1; lastKnownFileType = text.xcconfig; name = "Pods-NewsAppTests.release.xcconfig"; path = "Target Support Files/Pods-NewsAppTests/Pods-NewsAppTests.release.xcconfig"; sourceTree = "<group>"; };
		1FB7945F50CDB33B4843CDB1 /* Pods-NewsAppTests.debug.xcconfig */ = {isa = PBXFileReference; includeInIndex = 1; lastKnownFileType = text.xcconfig; name = "Pods-NewsAppTests.debug.xcconfig"; path = "Target Support Files/Pods-NewsAppTests/Pods-NewsAppTests.debug.xcconfig"; sourceTree = "<group>"; };
		37D64527B7C45930DEEF0019 /* Pods_NewsApp_NewsAppUITests.framework */ = {isa = PBXFileReference; explicitFileType = wrapper.framework; includeInIndex = 0; path = Pods_NewsApp_NewsAppUITests.framework; sourceTree = BUILT_PRODUCTS_DIR; };
		3F0C0CED808310FAA4845A4A /* Pods_NewsAppTests.framework */ = {isa = PBXFileReference; explicitFileType = wrapper.framework; includeInIndex = 0; path = Pods_NewsAppTests.framework; sourceTree = BUILT_PRODUCTS_DIR; };
		41315E105802E42E580B69D5 /* Pods-NewsApp.release.xcconfig */ = {isa = PBXFileReference; includeInIndex = 1; lastKnownFileType = text.xcconfig; name = "Pods-NewsApp.release.xcconfig"; path = "Target Support Files/Pods-NewsApp/Pods-NewsApp.release.xcconfig"; sourceTree = "<group>"; };
		42315295811023D57BD1C07B /* Pods-NewsApp-NewsAppUITests.debug.xcconfig */ = {isa = PBXFileReference; includeInIndex = 1; lastKnownFileType = text.xcconfig; name = "Pods-NewsApp-NewsAppUITests.debug.xcconfig"; path = "Target Support Files/Pods-NewsApp-NewsAppUITests/Pods-NewsApp-NewsAppUITests.debug.xcconfig"; sourceTree = "<group>"; };
		79B14077281C037379EC7E52 /* Pods-NewsApp-NewsAppUITests.release.xcconfig */ = {isa = PBXFileReference; includeInIndex = 1; lastKnownFileType = text.xcconfig; name = "Pods-NewsApp-NewsAppUITests.release.xcconfig"; path = "Target Support Files/Pods-NewsApp-NewsAppUITests/Pods-NewsApp-NewsAppUITests.release.xcconfig"; sourceTree = "<group>"; };
		884E66262A7E5A6000628238 /* NewsApp.app */ = {isa = PBXFileReference; explicitFileType = wrapper.application; includeInIndex = 0; path = NewsApp.app; sourceTree = BUILT_PRODUCTS_DIR; };
		884E66292A7E5A6000628238 /* AppDelegate.swift */ = {isa = PBXFileReference; lastKnownFileType = sourcecode.swift; path = AppDelegate.swift; sourceTree = "<group>"; };
		884E662B2A7E5A6000628238 /* SceneDelegate.swift */ = {isa = PBXFileReference; lastKnownFileType = sourcecode.swift; path = SceneDelegate.swift; sourceTree = "<group>"; };
		884E662D2A7E5A6000628238 /* ViewController.swift */ = {isa = PBXFileReference; lastKnownFileType = sourcecode.swift; path = ViewController.swift; sourceTree = "<group>"; };
		884E66302A7E5A6000628238 /* Base */ = {isa = PBXFileReference; lastKnownFileType = file.storyboard; name = Base; path = Base.lproj/Main.storyboard; sourceTree = "<group>"; };
		884E66322A7E5A6100628238 /* Assets.xcassets */ = {isa = PBXFileReference; lastKnownFileType = folder.assetcatalog; path = Assets.xcassets; sourceTree = "<group>"; };
		884E66352A7E5A6100628238 /* Base */ = {isa = PBXFileReference; lastKnownFileType = file.storyboard; name = Base; path = Base.lproj/LaunchScreen.storyboard; sourceTree = "<group>"; };
		884E66372A7E5A6100628238 /* Info.plist */ = {isa = PBXFileReference; lastKnownFileType = text.plist.xml; path = Info.plist; sourceTree = "<group>"; };
		884E663C2A7E5A6100628238 /* NewsAppTests.xctest */ = {isa = PBXFileReference; explicitFileType = wrapper.cfbundle; includeInIndex = 0; path = NewsAppTests.xctest; sourceTree = BUILT_PRODUCTS_DIR; };
		884E66402A7E5A6100628238 /* NewsAppTests.swift */ = {isa = PBXFileReference; lastKnownFileType = sourcecode.swift; path = NewsAppTests.swift; sourceTree = "<group>"; };
		884E66462A7E5A6100628238 /* NewsAppUITests.xctest */ = {isa = PBXFileReference; explicitFileType = wrapper.cfbundle; includeInIndex = 0; path = NewsAppUITests.xctest; sourceTree = BUILT_PRODUCTS_DIR; };
		884E664A2A7E5A6100628238 /* NewsAppUITests.swift */ = {isa = PBXFileReference; lastKnownFileType = sourcecode.swift; path = NewsAppUITests.swift; sourceTree = "<group>"; };
		884E664C2A7E5A6100628238 /* NewsAppUITestsLaunchTests.swift */ = {isa = PBXFileReference; lastKnownFileType = sourcecode.swift; path = NewsAppUITestsLaunchTests.swift; sourceTree = "<group>"; };
		884E665C2A7E5B3800628238 /* NewsModel.swift */ = {isa = PBXFileReference; lastKnownFileType = sourcecode.swift; path = NewsModel.swift; sourceTree = "<group>"; };
		884E665E2A7E5B4700628238 /* NewsManager.swift */ = {isa = PBXFileReference; lastKnownFileType = sourcecode.swift; path = NewsManager.swift; sourceTree = "<group>"; };
		884E66602A7E5B5A00628238 /* NewsData.swift */ = {isa = PBXFileReference; lastKnownFileType = sourcecode.swift; path = NewsData.swift; sourceTree = "<group>"; };
		88AE2DDC2A824B1600E17EC2 /* NewsViewController.swift */ = {isa = PBXFileReference; lastKnownFileType = sourcecode.swift; path = NewsViewController.swift; sourceTree = "<group>"; };
		B77D87D353D0A0A07E7C615F /* Pods-NewsApp.debug.xcconfig */ = {isa = PBXFileReference; includeInIndex = 1; lastKnownFileType = text.xcconfig; name = "Pods-NewsApp.debug.xcconfig"; path = "Target Support Files/Pods-NewsApp/Pods-NewsApp.debug.xcconfig"; sourceTree = "<group>"; };
		E16334C01B7B7A0C55E98BBC /* Pods_NewsApp.framework */ = {isa = PBXFileReference; explicitFileType = wrapper.framework; includeInIndex = 0; path = Pods_NewsApp.framework; sourceTree = BUILT_PRODUCTS_DIR; };
/* End PBXFileReference section */

/* Begin PBXFrameworksBuildPhase section */
		884E66232A7E5A6000628238 /* Frameworks */ = {
			isa = PBXFrameworksBuildPhase;
			buildActionMask = 2147483647;
			files = (
				4581E10459D2164542B94C1E /* Pods_NewsApp.framework in Frameworks */,
			);
			runOnlyForDeploymentPostprocessing = 0;
		};
		884E66392A7E5A6100628238 /* Frameworks */ = {
			isa = PBXFrameworksBuildPhase;
			buildActionMask = 2147483647;
			files = (
				D56FC0AD76CD3D10E54E0A8C /* Pods_NewsAppTests.framework in Frameworks */,
			);
			runOnlyForDeploymentPostprocessing = 0;
		};
		884E66432A7E5A6100628238 /* Frameworks */ = {
			isa = PBXFrameworksBuildPhase;
			buildActionMask = 2147483647;
			files = (
				E71165B2856109CF1B4CE706 /* Pods_NewsApp_NewsAppUITests.framework in Frameworks */,
			);
			runOnlyForDeploymentPostprocessing = 0;
		};
/* End PBXFrameworksBuildPhase section */

/* Begin PBXGroup section */
		4222F3B96287E071A4111471 /* Pods */ = {
			isa = PBXGroup;
			children = (
				B77D87D353D0A0A07E7C615F /* Pods-NewsApp.debug.xcconfig */,
				41315E105802E42E580B69D5 /* Pods-NewsApp.release.xcconfig */,
				42315295811023D57BD1C07B /* Pods-NewsApp-NewsAppUITests.debug.xcconfig */,
				79B14077281C037379EC7E52 /* Pods-NewsApp-NewsAppUITests.release.xcconfig */,
				1FB7945F50CDB33B4843CDB1 /* Pods-NewsAppTests.debug.xcconfig */,
				0BEAC18285036F7759CC76C5 /* Pods-NewsAppTests.release.xcconfig */,
			);
			path = Pods;
			sourceTree = "<group>";
		};
		884E661D2A7E5A6000628238 = {
			isa = PBXGroup;
			children = (
				884E66282A7E5A6000628238 /* NewsApp */,
				884E663F2A7E5A6100628238 /* NewsAppTests */,
				884E66492A7E5A6100628238 /* NewsAppUITests */,
				884E66272A7E5A6000628238 /* Products */,
				4222F3B96287E071A4111471 /* Pods */,
				BD631C0A309AE661F3D2DCB9 /* Frameworks */,
			);
			sourceTree = "<group>";
		};
		884E66272A7E5A6000628238 /* Products */ = {
			isa = PBXGroup;
			children = (
				884E66262A7E5A6000628238 /* NewsApp.app */,
				884E663C2A7E5A6100628238 /* NewsAppTests.xctest */,
				884E66462A7E5A6100628238 /* NewsAppUITests.xctest */,
			);
			name = Products;
			sourceTree = "<group>";
		};
		884E66282A7E5A6000628238 /* NewsApp */ = {
			isa = PBXGroup;
			children = (
				884E66592A7E5A7600628238 /* Model */,
				884E665A2A7E5A8B00628238 /* View */,
				884E665B2A7E5A8F00628238 /* Controller */,
				884E66292A7E5A6000628238 /* AppDelegate.swift */,
				884E662B2A7E5A6000628238 /* SceneDelegate.swift */,
				884E66322A7E5A6100628238 /* Assets.xcassets */,
				884E66342A7E5A6100628238 /* LaunchScreen.storyboard */,
				884E66372A7E5A6100628238 /* Info.plist */,
			);
			path = NewsApp;
			sourceTree = "<group>";
		};
		884E663F2A7E5A6100628238 /* NewsAppTests */ = {
			isa = PBXGroup;
			children = (
				884E66402A7E5A6100628238 /* NewsAppTests.swift */,
			);
			path = NewsAppTests;
			sourceTree = "<group>";
		};
		884E66492A7E5A6100628238 /* NewsAppUITests */ = {
			isa = PBXGroup;
			children = (
				884E664A2A7E5A6100628238 /* NewsAppUITests.swift */,
				884E664C2A7E5A6100628238 /* NewsAppUITestsLaunchTests.swift */,
			);
			path = NewsAppUITests;
			sourceTree = "<group>";
		};
		884E66592A7E5A7600628238 /* Model */ = {
			isa = PBXGroup;
			children = (
				884E665E2A7E5B4700628238 /* NewsManager.swift */,
				884E665C2A7E5B3800628238 /* NewsModel.swift */,
				884E66602A7E5B5A00628238 /* NewsData.swift */,
			);
			path = Model;
			sourceTree = "<group>";
		};
		884E665A2A7E5A8B00628238 /* View */ = {
			isa = PBXGroup;
			children = (
				884E662F2A7E5A6000628238 /* Main.storyboard */,
			);
			path = View;
			sourceTree = "<group>";
		};
		884E665B2A7E5A8F00628238 /* Controller */ = {
			isa = PBXGroup;
			children = (
				884E662D2A7E5A6000628238 /* ViewController.swift */,
				88AE2DDC2A824B1600E17EC2 /* NewsViewController.swift */,
			);
			path = Controller;
			sourceTree = "<group>";
		};
		BD631C0A309AE661F3D2DCB9 /* Frameworks */ = {
			isa = PBXGroup;
			children = (
				E16334C01B7B7A0C55E98BBC /* Pods_NewsApp.framework */,
				37D64527B7C45930DEEF0019 /* Pods_NewsApp_NewsAppUITests.framework */,
				3F0C0CED808310FAA4845A4A /* Pods_NewsAppTests.framework */,
			);
			name = Frameworks;
			sourceTree = "<group>";
		};
/* End PBXGroup section */

/* Begin PBXNativeTarget section */
		884E66252A7E5A6000628238 /* NewsApp */ = {
			isa = PBXNativeTarget;
			buildConfigurationList = 884E66502A7E5A6100628238 /* Build configuration list for PBXNativeTarget "NewsApp" */;
			buildPhases = (
				42F9898E9886B8D5F7A3DBD0 /* [CP] Check Pods Manifest.lock */,
				884E66222A7E5A6000628238 /* Sources */,
				884E66232A7E5A6000628238 /* Frameworks */,
				884E66242A7E5A6000628238 /* Resources */,
				09F07F50B10D80323895AACF /* [CP] Embed Pods Frameworks */,
			);
			buildRules = (
			);
			dependencies = (
			);
			name = NewsApp;
			productName = NewsApp;
			productReference = 884E66262A7E5A6000628238 /* NewsApp.app */;
			productType = "com.apple.product-type.application";
		};
		884E663B2A7E5A6100628238 /* NewsAppTests */ = {
			isa = PBXNativeTarget;
			buildConfigurationList = 884E66532A7E5A6100628238 /* Build configuration list for PBXNativeTarget "NewsAppTests" */;
			buildPhases = (
				45A4DC1DA47B96E5AEFC2466 /* [CP] Check Pods Manifest.lock */,
				884E66382A7E5A6100628238 /* Sources */,
				884E66392A7E5A6100628238 /* Frameworks */,
				884E663A2A7E5A6100628238 /* Resources */,
			);
			buildRules = (
			);
			dependencies = (
				884E663E2A7E5A6100628238 /* PBXTargetDependency */,
			);
			name = NewsAppTests;
			productName = NewsAppTests;
			productReference = 884E663C2A7E5A6100628238 /* NewsAppTests.xctest */;
			productType = "com.apple.product-type.bundle.unit-test";
		};
		884E66452A7E5A6100628238 /* NewsAppUITests */ = {
			isa = PBXNativeTarget;
			buildConfigurationList = 884E66562A7E5A6100628238 /* Build configuration list for PBXNativeTarget "NewsAppUITests" */;
			buildPhases = (
				66138DE0A5E9007C98C5257E /* [CP] Check Pods Manifest.lock */,
				884E66422A7E5A6100628238 /* Sources */,
				884E66432A7E5A6100628238 /* Frameworks */,
				884E66442A7E5A6100628238 /* Resources */,
				25033E2647AE971291E24D24 /* [CP] Embed Pods Frameworks */,
			);
			buildRules = (
			);
			dependencies = (
				884E66482A7E5A6100628238 /* PBXTargetDependency */,
			);
			name = NewsAppUITests;
			productName = NewsAppUITests;
			productReference = 884E66462A7E5A6100628238 /* NewsAppUITests.xctest */;
			productType = "com.apple.product-type.bundle.ui-testing";
		};
/* End PBXNativeTarget section */

/* Begin PBXProject section */
		884E661E2A7E5A6000628238 /* Project object */ = {
			isa = PBXProject;
			attributes = {
				BuildIndependentTargetsInParallel = 1;
				LastSwiftUpdateCheck = 1430;
				LastUpgradeCheck = 1430;
				TargetAttributes = {
					884E66252A7E5A6000628238 = {
						CreatedOnToolsVersion = 14.3.1;
					};
					884E663B2A7E5A6100628238 = {
						CreatedOnToolsVersion = 14.3.1;
						TestTargetID = 884E66252A7E5A6000628238;
					};
					884E66452A7E5A6100628238 = {
						CreatedOnToolsVersion = 14.3.1;
						TestTargetID = 884E66252A7E5A6000628238;
					};
				};
			};
			buildConfigurationList = 884E66212A7E5A6000628238 /* Build configuration list for PBXProject "NewsApp" */;
			compatibilityVersion = "Xcode 14.0";
			developmentRegion = en;
			hasScannedForEncodings = 0;
			knownRegions = (
				en,
				Base,
			);
			mainGroup = 884E661D2A7E5A6000628238;
			productRefGroup = 884E66272A7E5A6000628238 /* Products */;
			projectDirPath = "";
			projectRoot = "";
			targets = (
				884E66252A7E5A6000628238 /* NewsApp */,
				884E663B2A7E5A6100628238 /* NewsAppTests */,
				884E66452A7E5A6100628238 /* NewsAppUITests */,
			);
		};
/* End PBXProject section */

/* Begin PBXResourcesBuildPhase section */
		884E66242A7E5A6000628238 /* Resources */ = {
			isa = PBXResourcesBuildPhase;
			buildActionMask = 2147483647;
			files = (
				884E66362A7E5A6100628238 /* LaunchScreen.storyboard in Resources */,
				884E66332A7E5A6100628238 /* Assets.xcassets in Resources */,
				884E66312A7E5A6000628238 /* Main.storyboard in Resources */,
			);
			runOnlyForDeploymentPostprocessing = 0;
		};
		884E663A2A7E5A6100628238 /* Resources */ = {
			isa = PBXResourcesBuildPhase;
			buildActionMask = 2147483647;
			files = (
			);
			runOnlyForDeploymentPostprocessing = 0;
		};
		884E66442A7E5A6100628238 /* Resources */ = {
			isa = PBXResourcesBuildPhase;
			buildActionMask = 2147483647;
			files = (
			);
			runOnlyForDeploymentPostprocessing = 0;
		};
/* End PBXResourcesBuildPhase section */

/* Begin PBXShellScriptBuildPhase section */
		09F07F50B10D80323895AACF /* [CP] Embed Pods Frameworks */ = {
			isa = PBXShellScriptBuildPhase;
			buildActionMask = 2147483647;
			files = (
			);
			inputFileListPaths = (
				"${PODS_ROOT}/Target Support Files/Pods-NewsApp/Pods-NewsApp-frameworks-${CONFIGURATION}-input-files.xcfilelist",
			);
			name = "[CP] Embed Pods Frameworks";
			outputFileListPaths = (
				"${PODS_ROOT}/Target Support Files/Pods-NewsApp/Pods-NewsApp-frameworks-${CONFIGURATION}-output-files.xcfilelist",
			);
			runOnlyForDeploymentPostprocessing = 0;
			shellPath = /bin/sh;
			shellScript = "\"${PODS_ROOT}/Target Support Files/Pods-NewsApp/Pods-NewsApp-frameworks.sh\"\n";
			showEnvVarsInLog = 0;
		};
		25033E2647AE971291E24D24 /* [CP] Embed Pods Frameworks */ = {
			isa = PBXShellScriptBuildPhase;
			buildActionMask = 2147483647;
			files = (
			);
			inputFileListPaths = (
				"${PODS_ROOT}/Target Support Files/Pods-NewsApp-NewsAppUITests/Pods-NewsApp-NewsAppUITests-frameworks-${CONFIGURATION}-input-files.xcfilelist",
			);
			name = "[CP] Embed Pods Frameworks";
			outputFileListPaths = (
				"${PODS_ROOT}/Target Support Files/Pods-NewsApp-NewsAppUITests/Pods-NewsApp-NewsAppUITests-frameworks-${CONFIGURATION}-output-files.xcfilelist",
			);
			runOnlyForDeploymentPostprocessing = 0;
			shellPath = /bin/sh;
			shellScript = "\"${PODS_ROOT}/Target Support Files/Pods-NewsApp-NewsAppUITests/Pods-NewsApp-NewsAppUITests-frameworks.sh\"\n";
			showEnvVarsInLog = 0;
		};
		42F9898E9886B8D5F7A3DBD0 /* [CP] Check Pods Manifest.lock */ = {
			isa = PBXShellScriptBuildPhase;
			buildActionMask = 2147483647;
			files = (
			);
			inputFileListPaths = (
			);
			inputPaths = (
				"${PODS_PODFILE_DIR_PATH}/Podfile.lock",
				"${PODS_ROOT}/Manifest.lock",
			);
			name = "[CP] Check Pods Manifest.lock";
			outputFileListPaths = (
			);
			outputPaths = (
				"$(DERIVED_FILE_DIR)/Pods-NewsApp-checkManifestLockResult.txt",
			);
			runOnlyForDeploymentPostprocessing = 0;
			shellPath = /bin/sh;
			shellScript = "diff \"${PODS_PODFILE_DIR_PATH}/Podfile.lock\" \"${PODS_ROOT}/Manifest.lock\" > /dev/null\nif [ $? != 0 ] ; then\n    # print error to STDERR\n    echo \"error: The sandbox is not in sync with the Podfile.lock. Run 'pod install' or update your CocoaPods installation.\" >&2\n    exit 1\nfi\n# This output is used by Xcode 'outputs' to avoid re-running this script phase.\necho \"SUCCESS\" > \"${SCRIPT_OUTPUT_FILE_0}\"\n";
			showEnvVarsInLog = 0;
		};
		45A4DC1DA47B96E5AEFC2466 /* [CP] Check Pods Manifest.lock */ = {
			isa = PBXShellScriptBuildPhase;
			buildActionMask = 2147483647;
			files = (
			);
			inputFileListPaths = (
			);
			inputPaths = (
				"${PODS_PODFILE_DIR_PATH}/Podfile.lock",
				"${PODS_ROOT}/Manifest.lock",
			);
			name = "[CP] Check Pods Manifest.lock";
			outputFileListPaths = (
			);
			outputPaths = (
				"$(DERIVED_FILE_DIR)/Pods-NewsAppTests-checkManifestLockResult.txt",
			);
			runOnlyForDeploymentPostprocessing = 0;
			shellPath = /bin/sh;
			shellScript = "diff \"${PODS_PODFILE_DIR_PATH}/Podfile.lock\" \"${PODS_ROOT}/Manifest.lock\" > /dev/null\nif [ $? != 0 ] ; then\n    # print error to STDERR\n    echo \"error: The sandbox is not in sync with the Podfile.lock. Run 'pod install' or update your CocoaPods installation.\" >&2\n    exit 1\nfi\n# This output is used by Xcode 'outputs' to avoid re-running this script phase.\necho \"SUCCESS\" > \"${SCRIPT_OUTPUT_FILE_0}\"\n";
			showEnvVarsInLog = 0;
		};
		66138DE0A5E9007C98C5257E /* [CP] Check Pods Manifest.lock */ = {
			isa = PBXShellScriptBuildPhase;
			buildActionMask = 2147483647;
			files = (
			);
			inputFileListPaths = (
			);
			inputPaths = (
				"${PODS_PODFILE_DIR_PATH}/Podfile.lock",
				"${PODS_ROOT}/Manifest.lock",
			);
			name = "[CP] Check Pods Manifest.lock";
			outputFileListPaths = (
			);
			outputPaths = (
				"$(DERIVED_FILE_DIR)/Pods-NewsApp-NewsAppUITests-checkManifestLockResult.txt",
			);
			runOnlyForDeploymentPostprocessing = 0;
			shellPath = /bin/sh;
			shellScript = "diff \"${PODS_PODFILE_DIR_PATH}/Podfile.lock\" \"${PODS_ROOT}/Manifest.lock\" > /dev/null\nif [ $? != 0 ] ; then\n    # print error to STDERR\n    echo \"error: The sandbox is not in sync with the Podfile.lock. Run 'pod install' or update your CocoaPods installation.\" >&2\n    exit 1\nfi\n# This output is used by Xcode 'outputs' to avoid re-running this script phase.\necho \"SUCCESS\" > \"${SCRIPT_OUTPUT_FILE_0}\"\n";
			showEnvVarsInLog = 0;
		};
/* End PBXShellScriptBuildPhase section */

/* Begin PBXSourcesBuildPhase section */
		884E66222A7E5A6000628238 /* Sources */ = {
			isa = PBXSourcesBuildPhase;
			buildActionMask = 2147483647;
			files = (
				884E665D2A7E5B3800628238 /* NewsModel.swift in Sources */,
				88AE2DDD2A824B1600E17EC2 /* NewsViewController.swift in Sources */,
				884E662E2A7E5A6000628238 /* ViewController.swift in Sources */,
				884E66612A7E5B5A00628238 /* NewsData.swift in Sources */,
				884E665F2A7E5B4700628238 /* NewsManager.swift in Sources */,
				884E662A2A7E5A6000628238 /* AppDelegate.swift in Sources */,
				884E662C2A7E5A6000628238 /* SceneDelegate.swift in Sources */,
			);
			runOnlyForDeploymentPostprocessing = 0;
		};
		884E66382A7E5A6100628238 /* Sources */ = {
			isa = PBXSourcesBuildPhase;
			buildActionMask = 2147483647;
			files = (
				884E66412A7E5A6100628238 /* NewsAppTests.swift in Sources */,
			);
			runOnlyForDeploymentPostprocessing = 0;
		};
		884E66422A7E5A6100628238 /* Sources */ = {
			isa = PBXSourcesBuildPhase;
			buildActionMask = 2147483647;
			files = (
				884E664B2A7E5A6100628238 /* NewsAppUITests.swift in Sources */,
				884E664D2A7E5A6100628238 /* NewsAppUITestsLaunchTests.swift in Sources */,
			);
			runOnlyForDeploymentPostprocessing = 0;
		};
/* End PBXSourcesBuildPhase section */

/* Begin PBXTargetDependency section */
		884E663E2A7E5A6100628238 /* PBXTargetDependency */ = {
			isa = PBXTargetDependency;
			target = 884E66252A7E5A6000628238 /* NewsApp */;
			targetProxy = 884E663D2A7E5A6100628238 /* PBXContainerItemProxy */;
		};
		884E66482A7E5A6100628238 /* PBXTargetDependency */ = {
			isa = PBXTargetDependency;
			target = 884E66252A7E5A6000628238 /* NewsApp */;
			targetProxy = 884E66472A7E5A6100628238 /* PBXContainerItemProxy */;
		};
/* End PBXTargetDependency section */

/* Begin PBXVariantGroup section */
		884E662F2A7E5A6000628238 /* Main.storyboard */ = {
			isa = PBXVariantGroup;
			children = (
				884E66302A7E5A6000628238 /* Base */,
			);
			name = Main.storyboard;
			sourceTree = "<group>";
		};
		884E66342A7E5A6100628238 /* LaunchScreen.storyboard */ = {
			isa = PBXVariantGroup;
			children = (
				884E66352A7E5A6100628238 /* Base */,
			);
			name = LaunchScreen.storyboard;
			sourceTree = "<group>";
		};
/* End PBXVariantGroup section */

/* Begin XCBuildConfiguration section */
		884E664E2A7E5A6100628238 /* Debug */ = {
			isa = XCBuildConfiguration;
			buildSettings = {
				ALWAYS_SEARCH_USER_PATHS = NO;
				CLANG_ANALYZER_NONNULL = YES;
				CLANG_ANALYZER_NUMBER_OBJECT_CONVERSION = YES_AGGRESSIVE;
				CLANG_CXX_LANGUAGE_STANDARD = "gnu++20";
				CLANG_ENABLE_MODULES = YES;
				CLANG_ENABLE_OBJC_ARC = YES;
				CLANG_ENABLE_OBJC_WEAK = YES;
				CLANG_WARN_BLOCK_CAPTURE_AUTORELEASING = YES;
				CLANG_WARN_BOOL_CONVERSION = YES;
				CLANG_WARN_COMMA = YES;
				CLANG_WARN_CONSTANT_CONVERSION = YES;
				CLANG_WARN_DEPRECATED_OBJC_IMPLEMENTATIONS = YES;
				CLANG_WARN_DIRECT_OBJC_ISA_USAGE = YES_ERROR;
				CLANG_WARN_DOCUMENTATION_COMMENTS = YES;
				CLANG_WARN_EMPTY_BODY = YES;
				CLANG_WARN_ENUM_CONVERSION = YES;
				CLANG_WARN_INFINITE_RECURSION = YES;
				CLANG_WARN_INT_CONVERSION = YES;
				CLANG_WARN_NON_LITERAL_NULL_CONVERSION = YES;
				CLANG_WARN_OBJC_IMPLICIT_RETAIN_SELF = YES;
				CLANG_WARN_OBJC_LITERAL_CONVERSION = YES;
				CLANG_WARN_OBJC_ROOT_CLASS = YES_ERROR;
				CLANG_WARN_QUOTED_INCLUDE_IN_FRAMEWORK_HEADER = YES;
				CLANG_WARN_RANGE_LOOP_ANALYSIS = YES;
				CLANG_WARN_STRICT_PROTOTYPES = YES;
				CLANG_WARN_SUSPICIOUS_MOVE = YES;
				CLANG_WARN_UNGUARDED_AVAILABILITY = YES_AGGRESSIVE;
				CLANG_WARN_UNREACHABLE_CODE = YES;
				CLANG_WARN__DUPLICATE_METHOD_MATCH = YES;
				COPY_PHASE_STRIP = NO;
				DEBUG_INFORMATION_FORMAT = dwarf;
				ENABLE_STRICT_OBJC_MSGSEND = YES;
				ENABLE_TESTABILITY = YES;
				GCC_C_LANGUAGE_STANDARD = gnu11;
				GCC_DYNAMIC_NO_PIC = NO;
				GCC_NO_COMMON_BLOCKS = YES;
				GCC_OPTIMIZATION_LEVEL = 0;
				GCC_PREPROCESSOR_DEFINITIONS = (
					"DEBUG=1",
					"$(inherited)",
				);
				GCC_WARN_64_TO_32_BIT_CONVERSION = YES;
				GCC_WARN_ABOUT_RETURN_TYPE = YES_ERROR;
				GCC_WARN_UNDECLARED_SELECTOR = YES;
				GCC_WARN_UNINITIALIZED_AUTOS = YES_AGGRESSIVE;
				GCC_WARN_UNUSED_FUNCTION = YES;
				GCC_WARN_UNUSED_VARIABLE = YES;
				IPHONEOS_DEPLOYMENT_TARGET = 15.5;
				MTL_ENABLE_DEBUG_INFO = INCLUDE_SOURCE;
				MTL_FAST_MATH = YES;
				ONLY_ACTIVE_ARCH = YES;
				SDKROOT = iphoneos;
				SWIFT_ACTIVE_COMPILATION_CONDITIONS = DEBUG;
				SWIFT_OPTIMIZATION_LEVEL = "-Onone";
			};
			name = Debug;
		};
		884E664F2A7E5A6100628238 /* Release */ = {
			isa = XCBuildConfiguration;
			buildSettings = {
				ALWAYS_SEARCH_USER_PATHS = NO;
				CLANG_ANALYZER_NONNULL = YES;
				CLANG_ANALYZER_NUMBER_OBJECT_CONVERSION = YES_AGGRESSIVE;
				CLANG_CXX_LANGUAGE_STANDARD = "gnu++20";
				CLANG_ENABLE_MODULES = YES;
				CLANG_ENABLE_OBJC_ARC = YES;
				CLANG_ENABLE_OBJC_WEAK = YES;
				CLANG_WARN_BLOCK_CAPTURE_AUTORELEASING = YES;
				CLANG_WARN_BOOL_CONVERSION = YES;
				CLANG_WARN_COMMA = YES;
				CLANG_WARN_CONSTANT_CONVERSION = YES;
				CLANG_WARN_DEPRECATED_OBJC_IMPLEMENTATIONS = YES;
				CLANG_WARN_DIRECT_OBJC_ISA_USAGE = YES_ERROR;
				CLANG_WARN_DOCUMENTATION_COMMENTS = YES;
				CLANG_WARN_EMPTY_BODY = YES;
				CLANG_WARN_ENUM_CONVERSION = YES;
				CLANG_WARN_INFINITE_RECURSION = YES;
				CLANG_WARN_INT_CONVERSION = YES;
				CLANG_WARN_NON_LITERAL_NULL_CONVERSION = YES;
				CLANG_WARN_OBJC_IMPLICIT_RETAIN_SELF = YES;
				CLANG_WARN_OBJC_LITERAL_CONVERSION = YES;
				CLANG_WARN_OBJC_ROOT_CLASS = YES_ERROR;
				CLANG_WARN_QUOTED_INCLUDE_IN_FRAMEWORK_HEADER = YES;
				CLANG_WARN_RANGE_LOOP_ANALYSIS = YES;
				CLANG_WARN_STRICT_PROTOTYPES = YES;
				CLANG_WARN_SUSPICIOUS_MOVE = YES;
				CLANG_WARN_UNGUARDED_AVAILABILITY = YES_AGGRESSIVE;
				CLANG_WARN_UNREACHABLE_CODE = YES;
				CLANG_WARN__DUPLICATE_METHOD_MATCH = YES;
				COPY_PHASE_STRIP = NO;
				DEBUG_INFORMATION_FORMAT = "dwarf-with-dsym";
				ENABLE_NS_ASSERTIONS = NO;
				ENABLE_STRICT_OBJC_MSGSEND = YES;
				GCC_C_LANGUAGE_STANDARD = gnu11;
				GCC_NO_COMMON_BLOCKS = YES;
				GCC_WARN_64_TO_32_BIT_CONVERSION = YES;
				GCC_WARN_ABOUT_RETURN_TYPE = YES_ERROR;
				GCC_WARN_UNDECLARED_SELECTOR = YES;
				GCC_WARN_UNINITIALIZED_AUTOS = YES_AGGRESSIVE;
				GCC_WARN_UNUSED_FUNCTION = YES;
				GCC_WARN_UNUSED_VARIABLE = YES;
				IPHONEOS_DEPLOYMENT_TARGET = 15.5;
				MTL_ENABLE_DEBUG_INFO = NO;
				MTL_FAST_MATH = YES;
				SDKROOT = iphoneos;
				SWIFT_COMPILATION_MODE = wholemodule;
				SWIFT_OPTIMIZATION_LEVEL = "-O";
				VALIDATE_PRODUCT = YES;
			};
			name = Release;
		};
		884E66512A7E5A6100628238 /* Debug */ = {
			isa = XCBuildConfiguration;
			baseConfigurationReference = B77D87D353D0A0A07E7C615F /* Pods-NewsApp.debug.xcconfig */;
			buildSettings = {
				ASSETCATALOG_COMPILER_APPICON_NAME = AppIcon;
				ASSETCATALOG_COMPILER_GLOBAL_ACCENT_COLOR_NAME = AccentColor;
				CODE_SIGN_STYLE = Automatic;
				CURRENT_PROJECT_VERSION = 1;
				GENERATE_INFOPLIST_FILE = YES;
				INFOPLIST_FILE = NewsApp/Info.plist;
				INFOPLIST_KEY_UIApplicationSupportsIndirectInputEvents = YES;
				INFOPLIST_KEY_UILaunchStoryboardName = LaunchScreen;
				INFOPLIST_KEY_UIMainStoryboardFile = Main;
				INFOPLIST_KEY_UISupportedInterfaceOrientations_iPad = "UIInterfaceOrientationPortrait UIInterfaceOrientationPortraitUpsideDown UIInterfaceOrientationLandscapeLeft UIInterfaceOrientationLandscapeRight";
				INFOPLIST_KEY_UISupportedInterfaceOrientations_iPhone = "UIInterfaceOrientationPortrait UIInterfaceOrientationLandscapeLeft UIInterfaceOrientationLandscapeRight";
				LD_RUNPATH_SEARCH_PATHS = (
					"$(inherited)",
					"@executable_path/Frameworks",
				);
				MARKETING_VERSION = 1.0;
				PRODUCT_BUNDLE_IDENTIFIER = soidonc.NewsApp;
				PRODUCT_NAME = "$(TARGET_NAME)";
				SWIFT_EMIT_LOC_STRINGS = YES;
				SWIFT_VERSION = 5.0;
				TARGETED_DEVICE_FAMILY = "1,2";
			};
			name = Debug;
		};
		884E66522A7E5A6100628238 /* Release */ = {
			isa = XCBuildConfiguration;
			baseConfigurationReference = 41315E105802E42E580B69D5 /* Pods-NewsApp.release.xcconfig */;
			buildSettings = {
				ASSETCATALOG_COMPILER_APPICON_NAME = AppIcon;
				ASSETCATALOG_COMPILER_GLOBAL_ACCENT_COLOR_NAME = AccentColor;
				CODE_SIGN_STYLE = Automatic;
				CURRENT_PROJECT_VERSION = 1;
				GENERATE_INFOPLIST_FILE = YES;
				INFOPLIST_FILE = NewsApp/Info.plist;
				INFOPLIST_KEY_UIApplicationSupportsIndirectInputEvents = YES;
				INFOPLIST_KEY_UILaunchStoryboardName = LaunchScreen;
				INFOPLIST_KEY_UIMainStoryboardFile = Main;
				INFOPLIST_KEY_UISupportedInterfaceOrientations_iPad = "UIInterfaceOrientationPortrait UIInterfaceOrientationPortraitUpsideDown UIInterfaceOrientationLandscapeLeft UIInterfaceOrientationLandscapeRight";
				INFOPLIST_KEY_UISupportedInterfaceOrientations_iPhone = "UIInterfaceOrientationPortrait UIInterfaceOrientationLandscapeLeft UIInterfaceOrientationLandscapeRight";
				LD_RUNPATH_SEARCH_PATHS = (
					"$(inherited)",
					"@executable_path/Frameworks",
				);
				MARKETING_VERSION = 1.0;
				PRODUCT_BUNDLE_IDENTIFIER = soidonc.NewsApp;
				PRODUCT_NAME = "$(TARGET_NAME)";
				SWIFT_EMIT_LOC_STRINGS = YES;
				SWIFT_VERSION = 5.0;
				TARGETED_DEVICE_FAMILY = "1,2";
			};
			name = Release;
		};
		884E66542A7E5A6100628238 /* Debug */ = {
			isa = XCBuildConfiguration;
			baseConfigurationReference = 1FB7945F50CDB33B4843CDB1 /* Pods-NewsAppTests.debug.xcconfig */;
			buildSettings = {
				ALWAYS_EMBED_SWIFT_STANDARD_LIBRARIES = YES;
				BUNDLE_LOADER = "$(TEST_HOST)";
				CODE_SIGN_STYLE = Automatic;
				CURRENT_PROJECT_VERSION = 1;
				GENERATE_INFOPLIST_FILE = YES;
				IPHONEOS_DEPLOYMENT_TARGET = 16.4;
				MARKETING_VERSION = 1.0;
				PRODUCT_BUNDLE_IDENTIFIER = soidonc.NewsAppTests;
				PRODUCT_NAME = "$(TARGET_NAME)";
				SWIFT_EMIT_LOC_STRINGS = NO;
				SWIFT_VERSION = 5.0;
				TARGETED_DEVICE_FAMILY = "1,2";
				TEST_HOST = "$(BUILT_PRODUCTS_DIR)/NewsApp.app/$(BUNDLE_EXECUTABLE_FOLDER_PATH)/NewsApp";
			};
			name = Debug;
		};
		884E66552A7E5A6100628238 /* Release */ = {
			isa = XCBuildConfiguration;
			baseConfigurationReference = 0BEAC18285036F7759CC76C5 /* Pods-NewsAppTests.release.xcconfig */;
			buildSettings = {
				ALWAYS_EMBED_SWIFT_STANDARD_LIBRARIES = YES;
				BUNDLE_LOADER = "$(TEST_HOST)";
				CODE_SIGN_STYLE = Automatic;
				CURRENT_PROJECT_VERSION = 1;
				GENERATE_INFOPLIST_FILE = YES;
				IPHONEOS_DEPLOYMENT_TARGET = 16.4;
				MARKETING_VERSION = 1.0;
				PRODUCT_BUNDLE_IDENTIFIER = soidonc.NewsAppTests;
				PRODUCT_NAME = "$(TARGET_NAME)";
				SWIFT_EMIT_LOC_STRINGS = NO;
				SWIFT_VERSION = 5.0;
				TARGETED_DEVICE_FAMILY = "1,2";
				TEST_HOST = "$(BUILT_PRODUCTS_DIR)/NewsApp.app/$(BUNDLE_EXECUTABLE_FOLDER_PATH)/NewsApp";
			};
			name = Release;
		};
		884E66572A7E5A6100628238 /* Debug */ = {
			isa = XCBuildConfiguration;
			baseConfigurationReference = 42315295811023D57BD1C07B /* Pods-NewsApp-NewsAppUITests.debug.xcconfig */;
			buildSettings = {
				ALWAYS_EMBED_SWIFT_STANDARD_LIBRARIES = YES;
				CODE_SIGN_STYLE = Automatic;
				CURRENT_PROJECT_VERSION = 1;
				GENERATE_INFOPLIST_FILE = YES;
				MARKETING_VERSION = 1.0;
				PRODUCT_BUNDLE_IDENTIFIER = soidonc.NewsAppUITests;
				PRODUCT_NAME = "$(TARGET_NAME)";
				SWIFT_EMIT_LOC_STRINGS = NO;
				SWIFT_VERSION = 5.0;
				TARGETED_DEVICE_FAMILY = "1,2";
				TEST_TARGET_NAME = NewsApp;
			};
			name = Debug;
		};
		884E66582A7E5A6100628238 /* Release */ = {
			isa = XCBuildConfiguration;
			baseConfigurationReference = 79B14077281C037379EC7E52 /* Pods-NewsApp-NewsAppUITests.release.xcconfig */;
			buildSettings = {
				ALWAYS_EMBED_SWIFT_STANDARD_LIBRARIES = YES;
				CODE_SIGN_STYLE = Automatic;
				CURRENT_PROJECT_VERSION = 1;
				GENERATE_INFOPLIST_FILE = YES;
				MARKETING_VERSION = 1.0;
				PRODUCT_BUNDLE_IDENTIFIER = soidonc.NewsAppUITests;
				PRODUCT_NAME = "$(TARGET_NAME)";
				SWIFT_EMIT_LOC_STRINGS = NO;
				SWIFT_VERSION = 5.0;
				TARGETED_DEVICE_FAMILY = "1,2";
				TEST_TARGET_NAME = NewsApp;
			};
			name = Release;
		};
/* End XCBuildConfiguration section */

/* Begin XCConfigurationList section */
		884E66212A7E5A6000628238 /* Build configuration list for PBXProject "NewsApp" */ = {
			isa = XCConfigurationList;
			buildConfigurations = (
				884E664E2A7E5A6100628238 /* Debug */,
				884E664F2A7E5A6100628238 /* Release */,
			);
			defaultConfigurationIsVisible = 0;
			defaultConfigurationName = Release;
		};
		884E66502A7E5A6100628238 /* Build configuration list for PBXNativeTarget "NewsApp" */ = {
			isa = XCConfigurationList;
			buildConfigurations = (
				884E66512A7E5A6100628238 /* Debug */,
				884E66522A7E5A6100628238 /* Release */,
			);
			defaultConfigurationIsVisible = 0;
			defaultConfigurationName = Release;
		};
		884E66532A7E5A6100628238 /* Build configuration list for PBXNativeTarget "NewsAppTests" */ = {
			isa = XCConfigurationList;
			buildConfigurations = (
				884E66542A7E5A6100628238 /* Debug */,
				884E66552A7E5A6100628238 /* Release */,
			);
			defaultConfigurationIsVisible = 0;
			defaultConfigurationName = Release;
		};
		884E66562A7E5A6100628238 /* Build configuration list for PBXNativeTarget "NewsAppUITests" */ = {
			isa = XCConfigurationList;
			buildConfigurations = (
				884E66572A7E5A6100628238 /* Debug */,
				884E66582A7E5A6100628238 /* Release */,
			);
			defaultConfigurationIsVisible = 0;
			defaultConfigurationName = Release;
		};
/* End XCConfigurationList section */
	};
	rootObject = 884E661E2A7E5A6000628238 /* Project object */;
}
